
Microsoft Visual Studio Solution File, Format Version 12.00
# Visual Studio Version 16
VisualStudioVersion = 16.0.29306.81
MinimumVisualStudioVersion = 10.0.40219.1
Project("{FAE04EC0-301F-11D3-BF4B-00C04F79EFBC}") = "ArcGisOfflineNavigation", "ArcGisOfflineNavigation\ArcGisOfflineNavigation.csproj", "{D3A174BD-8E70-4F7C-803E-A96ED0A21DB0}"
EndProject
Global
	GlobalSection(SolutionConfigurationPlatforms) = preSolution
		Debug|Any CPU = Debug|Any CPU
		Release|Any CPU = Release|Any CPU
	EndGlobalSection
	GlobalSection(ProjectConfigurationPlatforms) = postSolution
		{D3A174BD-8E70-4F7C-803E-A96ED0A21DB0}.Debug|Any CPU.ActiveCfg = Debug|Any CPU
		{D3A174BD-8E70-4F7C-803E-A96ED0A21DB0}.Debug|Any CPU.Build.0 = Debug|Any CPU
		{D3A174BD-8E70-4F7C-803E-A96ED0A21DB0}.Release|Any CPU.ActiveCfg = Release|Any CPU
		{D3A174BD-8E70-4F7C-803E-A96ED0A21DB0}.Release|Any CPU.Build.0 = Release|Any CPU
	EndGlobalSection
	GlobalSection(SolutionProperties) = preSolution
		HideSolutionNode = FALSE
	EndGlobalSection
	GlobalSection(ExtensibilityGlobals) = postSolution
		SolutionGuid = {BE3B22F8-D561-420F-9FC9-3DE3C8B07108}
	EndGlobalSection
EndGlobal
